{
  "name": "Regalito",
  "lockfileVersion": 2,
  "requires": true,
  "packages": {
    "": {
      "dependencies": {
        "cloudflared": "^0.5.0"
      }
    },
    "node_modules/cloudflared": {
      "version": "0.5.0",
      "resolved": "https://registry.npmjs.org/cloudflared/-/cloudflared-0.5.0.tgz",
      "integrity": "sha512-ILt34H2KNd15cbGm3VfLvswUHCJJ5vhDXN5M0u9BfEul4DLMQ/Y3ecOP5YUPFN9ERcVabfsMEcLbC0hN3AydTw==",
      "hasInstallScript": true,
      "bin": {
        "cloudflared": "lib/cloudflared.js"
      }
    }
  },
  "dependencies": {
    "cloudflared": {
      "version": "0.5.0",
      "resolved": "https://registry.npmjs.org/cloudflared/-/cloudflared-0.5.0.tgz",
      "integrity": "sha512-ILt34H2KNd15cbGm3VfLvswUHCJJ5vhDXN5M0u9BfEul4DLMQ/Y3ecOP5YUPFN9ERcVabfsMEcLbC0hN3AydTw=="
    }
  }
}
